
Microsoft Visual Studio Solution File, Format Version 12.00
# Visual Studio Version 16
VisualStudioVersion = 16.0.29911.84
MinimumVisualStudioVersion = 10.0.40219.1
Project("{FAE04EC0-301F-11D3-BF4B-00C04F79EFBC}") = "Borto_v1", "Borto_v1\Borto_v1.csproj", "{881A01CB-A987-4D7E-A4EA-54FCD874EA41}"
EndProject
Project("{54435603-DBB4-11D2-8724-00A0C9A8B90C}") = "Setup1", "Setup1\Setup1.vdproj", "{323B5F9A-F19A-421E-B1C8-7409805C367F}"
EndProject
Project("{9A19103F-16F7-4668-BE54-9A1E7A4F7556}") = "LibraryAzure", "LibraryAzure\LibraryAzure.csproj", "{DBA71ECB-7182-4F8A-B992-0156E1530054}"
EndProject
Global
	GlobalSection(SolutionConfigurationPlatforms) = preSolution
		Debug|Any CPU = Debug|Any CPU
		Release|Any CPU = Release|Any CPU
	EndGlobalSection
	GlobalSection(ProjectConfigurationPlatforms) = postSolution
		{881A01CB-A987-4D7E-A4EA-54FCD874EA41}.Debug|Any CPU.ActiveCfg = Debug|Any CPU
		{881A01CB-A987-4D7E-A4EA-54FCD874EA41}.Debug|Any CPU.Build.0 = Debug|Any CPU
		{881A01CB-A987-4D7E-A4EA-54FCD874EA41}.Release|Any CPU.ActiveCfg = Release|Any CPU
		{881A01CB-A987-4D7E-A4EA-54FCD874EA41}.Release|Any CPU.Build.0 = Release|Any CPU
		{323B5F9A-F19A-421E-B1C8-7409805C367F}.Debug|Any CPU.ActiveCfg = Debug
		{323B5F9A-F19A-421E-B1C8-7409805C367F}.Release|Any CPU.ActiveCfg = Release
		{DBA71ECB-7182-4F8A-B992-0156E1530054}.Debug|Any CPU.ActiveCfg = Debug|Any CPU
		{DBA71ECB-7182-4F8A-B992-0156E1530054}.Debug|Any CPU.Build.0 = Debug|Any CPU
		{DBA71ECB-7182-4F8A-B992-0156E1530054}.Release|Any CPU.ActiveCfg = Release|Any CPU
		{DBA71ECB-7182-4F8A-B992-0156E1530054}.Release|Any CPU.Build.0 = Release|Any CPU
	EndGlobalSection
	GlobalSection(SolutionProperties) = preSolution
		HideSolutionNode = FALSE
	EndGlobalSection
	GlobalSection(ExtensibilityGlobals) = postSolution
		SolutionGuid = {8E4B368B-E144-4B0C-831D-B68B4DD39332}
	EndGlobalSection
EndGlobal
